Microsoft Visual Studio Solution File, Format Version 12.00
# Visual Studio Version 17
VisualStudioVersion = 17.5.2.0
MinimumVisualStudioVersion = 10.0.40219.1
Project("{FAE04EC0-301F-11D3-BF4B-00C04F79EFBC}") = "SentaliApp", "SentaliApp.csproj", "{D96FE12D-2784-B297-8C9B-DEF212F5C3AA}"
EndProject
Global
	GlobalSection(SolutionConfigurationPlatforms) = preSolution
		Debug|Any CPU = Debug|Any CPU
		Release|Any CPU = Release|Any CPU
	EndGlobalSection
	GlobalSection(ProjectConfigurationPlatforms) = postSolution
		{D96FE12D-2784-B297-8C9B-DEF212F5C3AA}.Debug|Any CPU.ActiveCfg = Debug|Any CPU
		{D96FE12D-2784-B297-8C9B-DEF212F5C3AA}.Debug|Any CPU.Build.0 = Debug|Any CPU
		{D96FE12D-2784-B297-8C9B-DEF212F5C3AA}.Release|Any CPU.ActiveCfg = Release|Any CPU
		{D96FE12D-2784-B297-8C9B-DEF212F5C3AA}.Release|Any CPU.Build.0 = Release|Any CPU
	EndGlobalSection
	GlobalSection(SolutionProperties) = preSolution
		HideSolutionNode = FALSE
	EndGlobalSection
	GlobalSection(ExtensibilityGlobals) = postSolution
		SolutionGuid = {F132D46E-87BB-4FD6-97B5-82B9700DF6FD}
	EndGlobalSection
EndGlobal
